
Microsoft Visual Studio Solution File, Format Version 12.00
# Visual Studio Version 17
VisualStudioVersion = 17.7.34003.232
MinimumVisualStudioVersion = 10.0.40219.1
Project("{FAE04EC0-301F-11D3-BF4B-00C04F79EFBC}") = "KEngine", "KEngine\KEngine.csproj", "{F8D4A238-AB24-4EED-A3B5-B91FBACAD664}"
EndProject
Global
	GlobalSection(SolutionConfigurationPlatforms) = preSolution
		Debug|Any CPU = Debug|Any CPU
		Debug|x64 = Debug|x64
		Release|Any CPU = Release|Any CPU
		Release|x64 = Release|x64
		testr|Any CPU = testr|Any CPU
		testr|x64 = testr|x64
	EndGlobalSection
	GlobalSection(ProjectConfigurationPlatforms) = postSolution
		{F8D4A238-AB24-4EED-A3B5-B91FBACAD664}.Debug|Any CPU.ActiveCfg = Debug|x64
		{F8D4A238-AB24-4EED-A3B5-B91FBACAD664}.Debug|Any CPU.Build.0 = Debug|x64
		{F8D4A238-AB24-4EED-A3B5-B91FBACAD664}.Debug|x64.ActiveCfg = Debug|x64
		{F8D4A238-AB24-4EED-A3B5-B91FBACAD664}.Debug|x64.Build.0 = Debug|x64
		{F8D4A238-AB24-4EED-A3B5-B91FBACAD664}.Release|Any CPU.ActiveCfg = Release|x64
		{F8D4A238-AB24-4EED-A3B5-B91FBACAD664}.Release|Any CPU.Build.0 = Release|x64
		{F8D4A238-AB24-4EED-A3B5-B91FBACAD664}.Release|x64.ActiveCfg = Release|x64
		{F8D4A238-AB24-4EED-A3B5-B91FBACAD664}.Release|x64.Build.0 = Release|x64
		{F8D4A238-AB24-4EED-A3B5-B91FBACAD664}.testr|Any CPU.ActiveCfg = testr|Any CPU
		{F8D4A238-AB24-4EED-A3B5-B91FBACAD664}.testr|Any CPU.Build.0 = testr|Any CPU
		{F8D4A238-AB24-4EED-A3B5-B91FBACAD664}.testr|x64.ActiveCfg = testr|x64
		{F8D4A238-AB24-4EED-A3B5-B91FBACAD664}.testr|x64.Build.0 = testr|x64
	EndGlobalSection
	GlobalSection(SolutionProperties) = preSolution
		HideSolutionNode = FALSE
	EndGlobalSection
	GlobalSection(ExtensibilityGlobals) = postSolution
		SolutionGuid = {49941DDB-B650-43BA-AADB-5A60D1658500}
	EndGlobalSection
EndGlobal
